
Microsoft Visual Studio Solution File, Format Version 12.00
# Visual Studio Version 17
VisualStudioVersion = 17.11.35312.102
MinimumVisualStudioVersion = 10.0.40219.1
Project("{2150E333-8FDC-42A3-9474-1A3956D46DE8}") = "Task0", "Task0", "{1A39E2A9-6051-4C6D-9F35-085792F7C04D}"
EndProject
Project("{9A19103F-16F7-4668-BE54-9A1E7A4F7556}") = "Tyuiu.SchcapovMA.Sprint1.Task0.V14", "Tyuiu.SchcapovMA.Sprint1.Task0.V14\Tyuiu.SchcapovMA.Sprint1.Task0.V14.csproj", "{DF520B8D-A997-4291-A3A3-3C06BB490DB0}"
EndProject
Project("{9A19103F-16F7-4668-BE54-9A1E7A4F7556}") = "Tyuiu.SchcapovMA.Sprint1.Task0.V14.Lib", "Tyuiu.SchcapovMA.Sprint1.Task0.V14.Lib\Tyuiu.SchcapovMA.Sprint1.Task0.V14.Lib.csproj", "{5D776F9E-6324-4AF6-9538-C9B1A967EC69}"
EndProject
Project("{9A19103F-16F7-4668-BE54-9A1E7A4F7556}") = "Tyuiu.SchcapovMA.Sprint1.Task0.V14.Test", "Tyuiu.SchcapovMA.Sprint1.Task0.V14.Test\Tyuiu.SchcapovMA.Sprint1.Task0.V14.Test.csproj", "{58DD9E65-730B-4BDE-8C79-4C0E34277B51}"
EndProject
Project("{2150E333-8FDC-42A3-9474-1A3956D46DE8}") = "Task1", "Task1", "{F3EFAA3F-8B93-4072-93F2-B27AE31DED3C}"
EndProject
Project("{9A19103F-16F7-4668-BE54-9A1E7A4F7556}") = "Tyuiu.SchcapovMA.Sprint1.Task1.V14", "Tyuiu.SchcapovMA.Sprint1.Task1.V14\Tyuiu.SchcapovMA.Sprint1.Task1.V14.csproj", "{0B25DCC9-AED4-42F4-A6B8-4C65DA88669B}"
EndProject
Project("{9A19103F-16F7-4668-BE54-9A1E7A4F7556}") = "Tyuiu.SchcapovMA.Sprint1.Task1.V14.Lib", "Tyuiu.SchcapovMA.Sprint1.Task1.V14.Lib\Tyuiu.SchcapovMA.Sprint1.Task1.V14.Lib.csproj", "{D1379569-435A-46E4-8C28-9538A9CD0EF3}"
EndProject
Project("{9A19103F-16F7-4668-BE54-9A1E7A4F7556}") = "Tyuiu.SchcapovMA.Sprint1.Task1.V14.Test", "Tyuiu.SchcapovMA.Sprint1.Task1.V14.Test\Tyuiu.SchcapovMA.Sprint1.Task1.V14.Test.csproj", "{D2B1D1A3-EADD-406A-881D-E3915BDAA275}"
EndProject
Project("{2150E333-8FDC-42A3-9474-1A3956D46DE8}") = "Task2", "Task2", "{6FF82722-1C1A-4847-BF3C-B6267F239BF4}"
EndProject
Project("{9A19103F-16F7-4668-BE54-9A1E7A4F7556}") = "Tyuiu.SchcapovMA.Sprint1.Task2.V9", "Tyuiu.SchcapovMA.Sprint1.Task2.V9\Tyuiu.SchcapovMA.Sprint1.Task2.V9.csproj", "{65CEDABD-484C-4DEA-992E-7D361A2D6BF1}"
EndProject
Project("{9A19103F-16F7-4668-BE54-9A1E7A4F7556}") = "Tyuiu.SchcapovMA.Sprint1.Task2.V9.Lib", "Tyuiu.SchcapovMA.Sprint1.Task2.V9.Lib\Tyuiu.SchcapovMA.Sprint1.Task2.V9.Lib.csproj", "{C86EC717-2806-4981-B216-EC200621A6C9}"
EndProject
Project("{9A19103F-16F7-4668-BE54-9A1E7A4F7556}") = "Tyuiu.SchcapovMA.Sprint1.Task2.V9.Test", "Tyuiu.SchcapovMA.Sprint1.Task2.V9.Test\Tyuiu.SchcapovMA.Sprint1.Task2.V9.Test.csproj", "{D1C7DCE7-AAF1-4448-8B3B-CD0A274D9BB6}"
EndProject
Project("{2150E333-8FDC-42A3-9474-1A3956D46DE8}") = "Task3", "Task3", "{F1254149-5283-4DEB-B127-5EF07E402366}"
EndProject
Project("{9A19103F-16F7-4668-BE54-9A1E7A4F7556}") = "Tyuiu.SchcapovMA.Sprint1.Task3.V4", "Tyuiu.SchcapovMA.Sprint1.Task3.V4\Tyuiu.SchcapovMA.Sprint1.Task3.V4.csproj", "{099EFAA0-BBBA-420C-9B3A-2008B80EDCE4}"
EndProject
Project("{9A19103F-16F7-4668-BE54-9A1E7A4F7556}") = "Tyuiu.SchcapovMA.Sprint1.Task3.V4.Lib", "Tyuiu.SchcapovMA.Sprint1.Task3.V4.Lib\Tyuiu.SchcapovMA.Sprint1.Task3.V4.Lib.csproj", "{E6EAE637-4D26-44ED-B13F-D211C23A9B76}"
EndProject
Project("{9A19103F-16F7-4668-BE54-9A1E7A4F7556}") = "Tyuiu.SchcapovMA.Sprint1.Task3.V4.Test", "Tyuiu.SchcapovMA.Sprint1.Task3.V4.Test\Tyuiu.SchcapovMA.Sprint1.Task3.V4.Test.csproj", "{20E1BE75-0AF0-47F3-B268-0E1BD12D7B48}"
EndProject
Project("{2150E333-8FDC-42A3-9474-1A3956D46DE8}") = "Task4", "Task4", "{B9D99456-3394-4E5A-BE40-73BA59696AF6}"
EndProject
Project("{FAE04EC0-301F-11D3-BF4B-00C04F79EFBC}") = "Tyuiu.SchcapovMA.Sprint1.Task4.V24", "Tyuiu.SchcapovMA.Sprint1.Task4.V24\Tyuiu.SchcapovMA.Sprint1.Task4.V24.csproj", "{9FD02CFA-D1B9-4059-B51C-28B2FAFB1520}"
EndProject
Project("{FAE04EC0-301F-11D3-BF4B-00C04F79EFBC}") = "Tyuiu.SchcapovMA.Sprint1.Task4.V24.Lib", "Tyuiu.SchcapovMA.Sprint1.Task4.V24.Lib\Tyuiu.SchcapovMA.Sprint1.Task4.V24.Lib.csproj", "{0BA20E01-240A-49A5-B786-322539EE4D60}"
EndProject
Project("{FAE04EC0-301F-11D3-BF4B-00C04F79EFBC}") = "Tyuiu.SchcapovMA.Sprint1.Task4.V24.Test", "Tyuiu.SchcapovMA.Sprint1.Task4.V24.Test\Tyuiu.SchcapovMA.Sprint1.Task4.V24.Test.csproj", "{1C7458D6-D4B8-46F2-BFC4-C2083F2F6B3A}"
EndProject
Project("{2150E333-8FDC-42A3-9474-1A3956D46DE8}") = "Task5", "Task5", "{55286181-CEF6-4E0F-AE62-313E3C466F9B}"
EndProject
Project("{FAE04EC0-301F-11D3-BF4B-00C04F79EFBC}") = "Tyuiu.SchcapovMA.Sprint1.Task5.V3", "Tyuiu.SchcapovMA.Sprint1.Task5.V3\Tyuiu.SchcapovMA.Sprint1.Task5.V3.csproj", "{2C390E45-4222-4304-B610-4406DE90B452}"
EndProject
Project("{FAE04EC0-301F-11D3-BF4B-00C04F79EFBC}") = "Tyuiu.SchcapovMA.Sprint1.Task5.V3.Lib", "Tyuiu.SchcapovMA.Sprint1.Task5.V3.Lib\Tyuiu.SchcapovMA.Sprint1.Task5.V3.Lib.csproj", "{62A60A69-A5A0-47EA-AC8C-831EB84A8C70}"
EndProject
Project("{FAE04EC0-301F-11D3-BF4B-00C04F79EFBC}") = "Tyuiu.SchcapovMA.Sprint1.Task5.V3.Test", "Tyuiu.SchcapovMA.Sprint1.Task5.V3.Test\Tyuiu.SchcapovMA.Sprint1.Task5.V3.Test.csproj", "{835E8898-191E-4F3A-ABCD-42DE363CCA76}"
EndProject
Global
	GlobalSection(SolutionConfigurationPlatforms) = preSolution
		Debug|Any CPU = Debug|Any CPU
		Release|Any CPU = Release|Any CPU
	EndGlobalSection
	GlobalSection(ProjectConfigurationPlatforms) = postSolution
		{DF520B8D-A997-4291-A3A3-3C06BB490DB0}.Debug|Any CPU.ActiveCfg = Debug|Any CPU
		{DF520B8D-A997-4291-A3A3-3C06BB490DB0}.Debug|Any CPU.Build.0 = Debug|Any CPU
		{DF520B8D-A997-4291-A3A3-3C06BB490DB0}.Release|Any CPU.ActiveCfg = Release|Any CPU
		{DF520B8D-A997-4291-A3A3-3C06BB490DB0}.Release|Any CPU.Build.0 = Release|Any CPU
		{5D776F9E-6324-4AF6-9538-C9B1A967EC69}.Debug|Any CPU.ActiveCfg = Debug|Any CPU
		{5D776F9E-6324-4AF6-9538-C9B1A967EC69}.Debug|Any CPU.Build.0 = Debug|Any CPU
		{5D776F9E-6324-4AF6-9538-C9B1A967EC69}.Release|Any CPU.ActiveCfg = Release|Any CPU
		{5D776F9E-6324-4AF6-9538-C9B1A967EC69}.Release|Any CPU.Build.0 = Release|Any CPU
		{58DD9E65-730B-4BDE-8C79-4C0E34277B51}.Debug|Any CPU.ActiveCfg = Debug|Any CPU
		{58DD9E65-730B-4BDE-8C79-4C0E34277B51}.Debug|Any CPU.Build.0 = Debug|Any CPU
		{58DD9E65-730B-4BDE-8C79-4C0E34277B51}.Release|Any CPU.ActiveCfg = Release|Any CPU
		{58DD9E65-730B-4BDE-8C79-4C0E34277B51}.Release|Any CPU.Build.0 = Release|Any CPU
		{0B25DCC9-AED4-42F4-A6B8-4C65DA88669B}.Debug|Any CPU.ActiveCfg = Debug|Any CPU
		{0B25DCC9-AED4-42F4-A6B8-4C65DA88669B}.Debug|Any CPU.Build.0 = Debug|Any CPU
		{0B25DCC9-AED4-42F4-A6B8-4C65DA88669B}.Release|Any CPU.ActiveCfg = Release|Any CPU
		{0B25DCC9-AED4-42F4-A6B8-4C65DA88669B}.Release|Any CPU.Build.0 = Release|Any CPU
		{D1379569-435A-46E4-8C28-9538A9CD0EF3}.Debug|Any CPU.ActiveCfg = Debug|Any CPU
		{D1379569-435A-46E4-8C28-9538A9CD0EF3}.Debug|Any CPU.Build.0 = Debug|Any CPU
		{D1379569-435A-46E4-8C28-9538A9CD0EF3}.Release|Any CPU.ActiveCfg = Release|Any CPU
		{D1379569-435A-46E4-8C28-9538A9CD0EF3}.Release|Any CPU.Build.0 = Release|Any CPU
		{D2B1D1A3-EADD-406A-881D-E3915BDAA275}.Debug|Any CPU.ActiveCfg = Debug|Any CPU
		{D2B1D1A3-EADD-406A-881D-E3915BDAA275}.Debug|Any CPU.Build.0 = Debug|Any CPU
		{D2B1D1A3-EADD-406A-881D-E3915BDAA275}.Release|Any CPU.ActiveCfg = Release|Any CPU
		{D2B1D1A3-EADD-406A-881D-E3915BDAA275}.Release|Any CPU.Build.0 = Release|Any CPU
		{65CEDABD-484C-4DEA-992E-7D361A2D6BF1}.Debug|Any CPU.ActiveCfg = Debug|Any CPU
		{65CEDABD-484C-4DEA-992E-7D361A2D6BF1}.Debug|Any CPU.Build.0 = Debug|Any CPU
		{65CEDABD-484C-4DEA-992E-7D361A2D6BF1}.Release|Any CPU.ActiveCfg = Release|Any CPU
		{65CEDABD-484C-4DEA-992E-7D361A2D6BF1}.Release|Any CPU.Build.0 = Release|Any CPU
		{C86EC717-2806-4981-B216-EC200621A6C9}.Debug|Any CPU.ActiveCfg = Debug|Any CPU
		{C86EC717-2806-4981-B216-EC200621A6C9}.Debug|Any CPU.Build.0 = Debug|Any CPU
		{C86EC717-2806-4981-B216-EC200621A6C9}.Release|Any CPU.ActiveCfg = Release|Any CPU
		{C86EC717-2806-4981-B216-EC200621A6C9}.Release|Any CPU.Build.0 = Release|Any CPU
		{D1C7DCE7-AAF1-4448-8B3B-CD0A274D9BB6}.Debug|Any CPU.ActiveCfg = Debug|Any CPU
		{D1C7DCE7-AAF1-4448-8B3B-CD0A274D9BB6}.Debug|Any CPU.Build.0 = Debug|Any CPU
		{D1C7DCE7-AAF1-4448-8B3B-CD0A274D9BB6}.Release|Any CPU.ActiveCfg = Release|Any CPU
		{D1C7DCE7-AAF1-4448-8B3B-CD0A274D9BB6}.Release|Any CPU.Build.0 = Release|Any CPU
		{099EFAA0-BBBA-420C-9B3A-2008B80EDCE4}.Debug|Any CPU.ActiveCfg = Debug|Any CPU
		{099EFAA0-BBBA-420C-9B3A-2008B80EDCE4}.Debug|Any CPU.Build.0 = Debug|Any CPU
		{099EFAA0-BBBA-420C-9B3A-2008B80EDCE4}.Release|Any CPU.ActiveCfg = Release|Any CPU
		{099EFAA0-BBBA-420C-9B3A-2008B80EDCE4}.Release|Any CPU.Build.0 = Release|Any CPU
		{E6EAE637-4D26-44ED-B13F-D211C23A9B76}.Debug|Any CPU.ActiveCfg = Debug|Any CPU
		{E6EAE637-4D26-44ED-B13F-D211C23A9B76}.Debug|Any CPU.Build.0 = Debug|Any CPU
		{E6EAE637-4D26-44ED-B13F-D211C23A9B76}.Release|Any CPU.ActiveCfg = Release|Any CPU
		{E6EAE637-4D26-44ED-B13F-D211C23A9B76}.Release|Any CPU.Build.0 = Release|Any CPU
		{20E1BE75-0AF0-47F3-B268-0E1BD12D7B48}.Debug|Any CPU.ActiveCfg = Debug|Any CPU
		{20E1BE75-0AF0-47F3-B268-0E1BD12D7B48}.Debug|Any CPU.Build.0 = Debug|Any CPU
		{20E1BE75-0AF0-47F3-B268-0E1BD12D7B48}.Release|Any CPU.ActiveCfg = Release|Any CPU
		{20E1BE75-0AF0-47F3-B268-0E1BD12D7B48}.Release|Any CPU.Build.0 = Release|Any CPU
		{9FD02CFA-D1B9-4059-B51C-28B2FAFB1520}.Debug|Any CPU.ActiveCfg = Debug|Any CPU
		{9FD02CFA-D1B9-4059-B51C-28B2FAFB1520}.Debug|Any CPU.Build.0 = Debug|Any CPU
		{9FD02CFA-D1B9-4059-B51C-28B2FAFB1520}.Release|Any CPU.ActiveCfg = Release|Any CPU
		{9FD02CFA-D1B9-4059-B51C-28B2FAFB1520}.Release|Any CPU.Build.0 = Release|Any CPU
		{0BA20E01-240A-49A5-B786-322539EE4D60}.Debug|Any CPU.ActiveCfg = Debug|Any CPU
		{0BA20E01-240A-49A5-B786-322539EE4D60}.Debug|Any CPU.Build.0 = Debug|Any CPU
		{0BA20E01-240A-49A5-B786-322539EE4D60}.Release|Any CPU.ActiveCfg = Release|Any CPU
		{0BA20E01-240A-49A5-B786-322539EE4D60}.Release|Any CPU.Build.0 = Release|Any CPU
		{1C7458D6-D4B8-46F2-BFC4-C2083F2F6B3A}.Debug|Any CPU.ActiveCfg = Debug|Any CPU
		{1C7458D6-D4B8-46F2-BFC4-C2083F2F6B3A}.Debug|Any CPU.Build.0 = Debug|Any CPU
		{1C7458D6-D4B8-46F2-BFC4-C2083F2F6B3A}.Release|Any CPU.ActiveCfg = Release|Any CPU
		{1C7458D6-D4B8-46F2-BFC4-C2083F2F6B3A}.Release|Any CPU.Build.0 = Release|Any CPU
		{2C390E45-4222-4304-B610-4406DE90B452}.Debug|Any CPU.ActiveCfg = Debug|Any CPU
		{2C390E45-4222-4304-B610-4406DE90B452}.Debug|Any CPU.Build.0 = Debug|Any CPU
		{2C390E45-4222-4304-B610-4406DE90B452}.Release|Any CPU.ActiveCfg = Release|Any CPU
		{2C390E45-4222-4304-B610-4406DE90B452}.Release|Any CPU.Build.0 = Release|Any CPU
		{62A60A69-A5A0-47EA-AC8C-831EB84A8C70}.Debug|Any CPU.ActiveCfg = Debug|Any CPU
		{62A60A69-A5A0-47EA-AC8C-831EB84A8C70}.Debug|Any CPU.Build.0 = Debug|Any CPU
		{62A60A69-A5A0-47EA-AC8C-831EB84A8C70}.Release|Any CPU.ActiveCfg = Release|Any CPU
		{62A60A69-A5A0-47EA-AC8C-831EB84A8C70}.Release|Any CPU.Build.0 = Release|Any CPU
		{835E8898-191E-4F3A-ABCD-42DE363CCA76}.Debug|Any CPU.ActiveCfg = Debug|Any CPU
		{835E8898-191E-4F3A-ABCD-42DE363CCA76}.Debug|Any CPU.Build.0 = Debug|Any CPU
		{835E8898-191E-4F3A-ABCD-42DE363CCA76}.Release|Any CPU.ActiveCfg = Release|Any CPU
		{835E8898-191E-4F3A-ABCD-42DE363CCA76}.Release|Any CPU.Build.0 = Release|Any CPU
	EndGlobalSection
	GlobalSection(SolutionProperties) = preSolution
		HideSolutionNode = FALSE
	EndGlobalSection
	GlobalSection(NestedProjects) = preSolution
		{DF520B8D-A997-4291-A3A3-3C06BB490DB0} = {1A39E2A9-6051-4C6D-9F35-085792F7C04D}
		{5D776F9E-6324-4AF6-9538-C9B1A967EC69} = {1A39E2A9-6051-4C6D-9F35-085792F7C04D}
		{58DD9E65-730B-4BDE-8C79-4C0E34277B51} = {1A39E2A9-6051-4C6D-9F35-085792F7C04D}
		{0B25DCC9-AED4-42F4-A6B8-4C65DA88669B} = {F3EFAA3F-8B93-4072-93F2-B27AE31DED3C}
		{D1379569-435A-46E4-8C28-9538A9CD0EF3} = {F3EFAA3F-8B93-4072-93F2-B27AE31DED3C}
		{D2B1D1A3-EADD-406A-881D-E3915BDAA275} = {F3EFAA3F-8B93-4072-93F2-B27AE31DED3C}
		{65CEDABD-484C-4DEA-992E-7D361A2D6BF1} = {6FF82722-1C1A-4847-BF3C-B6267F239BF4}
		{C86EC717-2806-4981-B216-EC200621A6C9} = {6FF82722-1C1A-4847-BF3C-B6267F239BF4}
		{D1C7DCE7-AAF1-4448-8B3B-CD0A274D9BB6} = {6FF82722-1C1A-4847-BF3C-B6267F239BF4}
		{099EFAA0-BBBA-420C-9B3A-2008B80EDCE4} = {F1254149-5283-4DEB-B127-5EF07E402366}
		{E6EAE637-4D26-44ED-B13F-D211C23A9B76} = {F1254149-5283-4DEB-B127-5EF07E402366}
		{20E1BE75-0AF0-47F3-B268-0E1BD12D7B48} = {F1254149-5283-4DEB-B127-5EF07E402366}
		{9FD02CFA-D1B9-4059-B51C-28B2FAFB1520} = {B9D99456-3394-4E5A-BE40-73BA59696AF6}
		{0BA20E01-240A-49A5-B786-322539EE4D60} = {B9D99456-3394-4E5A-BE40-73BA59696AF6}
		{1C7458D6-D4B8-46F2-BFC4-C2083F2F6B3A} = {B9D99456-3394-4E5A-BE40-73BA59696AF6}
		{2C390E45-4222-4304-B610-4406DE90B452} = {55286181-CEF6-4E0F-AE62-313E3C466F9B}
		{62A60A69-A5A0-47EA-AC8C-831EB84A8C70} = {55286181-CEF6-4E0F-AE62-313E3C466F9B}
		{835E8898-191E-4F3A-ABCD-42DE363CCA76} = {55286181-CEF6-4E0F-AE62-313E3C466F9B}
	EndGlobalSection
	GlobalSection(ExtensibilityGlobals) = postSolution
		SolutionGuid = {6A49C742-8D00-43F2-B66F-30B3CCCC04E9}
	EndGlobalSection
EndGlobal
